PODS:
  - AsyncDisplayKit (2.1):
    - AsyncDisplayKit/PINRemoteImage (= 2.1)
  - AsyncDisplayKit/Core (2.1)
  - AsyncDisplayKit/PINRemoteImage (2.1):
    - AsyncDisplayKit/Core
    - PINRemoteImage/iOS (= 3.0.0-beta.7)
    - PINRemoteImage/PINCache
  - PINCache (3.0.1-beta.2):
    - PINCache/Arc-exception-safe (= 3.0.1-beta.2)
    - PINCache/Core (= 3.0.1-beta.2)
  - PINCache/Arc-exception-safe (3.0.1-beta.2):
    - PINCache/Core
  - PINCache/Core (3.0.1-beta.2)
  - PINRemoteImage/Core (3.0.0-beta.7)
  - PINRemoteImage/iOS (3.0.0-beta.7):
    - PINRemoteImage/Core
  - PINRemoteImage/PINCache (3.0.0-beta.7):
    - PINCache (= 3.0.1-beta.2)
    - PINRemoteImage/Core
  - pop (1.0.9)
  - YYKit (1.0.9):
    - YYKit/no-arc (= 1.0.9)
  - YYKit/no-arc (1.0.9)

DEPENDENCIES:
  - AsyncDisplayKit
  - pop
  - YYKit

SPEC CHECKSUMS:
  AsyncDisplayKit: 28de788f9d6ec573be7662f0fe8931e656357e93
  PINCache: 6d273a6e0754bd26e3f12a38a90dde73cc6a42b2
  PINRemoteImage: ff63baf185088530db6cfa41cb665e2b5126b5c3
  pop: f667631a5108a2e60d9e8797c9b32ddaf2080bce
  YYKit: 7cda43304a8dc3696c449041e2cb3107b4e236e7

PODFILE CHECKSUM: bfac79e43e4b6c33f9f3390b80f79588d7ac28d3

COCOAPODS: 1.2.0
